// !$*UTF8*$!
{
	archiveVersion = 1;
	classes = {
	};
	objectVersion = 50;
	objects = {

/* Begin PBXBuildFile section */
		898919B2247CC3D000DABA4D /* AppDelegate.swift in Sources */ = {isa = PBXBuildFile; fileRef = 898919B1247CC3D000DABA4D /* AppDelegate.swift */; };
		898919B4247CC3D000DABA4D /* SceneDelegate.swift in Sources */ = {isa = PBXBuildFile; fileRef = 898919B3247CC3D000DABA4D /* SceneDelegate.swift */; };
		898919B6247CC3D000DABA4D /* ViewController.swift in Sources */ = {isa = PBXBuildFile; fileRef = 898919B5247CC3D000DABA4D /* ViewController.swift */; };
		898919B9247CC3D000DABA4D /* Main.storyboard in Resources */ = {isa = PBXBuildFile; fileRef = 898919B7247CC3D000DABA4D /* Main.storyboard */; };
		898919BC247CC3D000DABA4D /* Dawg_Oasis.xcdatamodeld in Sources */ = {isa = PBXBuildFile; fileRef = 898919BA247CC3D000DABA4D /* Dawg_Oasis.xcdatamodeld */; };
		898919BE247CC3D300DABA4D /* Assets.xcassets in Resources */ = {isa = PBXBuildFile; fileRef = 898919BD247CC3D300DABA4D /* Assets.xcassets */; };
		898919C1247CC3D300DABA4D /* LaunchScreen.storyboard in Resources */ = {isa = PBXBuildFile; fileRef = 898919BF247CC3D300DABA4D /* LaunchScreen.storyboard */; };
/* End PBXBuildFile section */

/* Begin PBXFileReference section */
		898919AE247CC3D000DABA4D /* Dawg_Oasis.app */ = {isa = PBXFileReference; explicitFileType = wrapper.application; includeInIndex = 0; path = Dawg_Oasis.app; sourceTree = BUILT_PRODUCTS_DIR; };
		898919B1247CC3D000DABA4D /* AppDelegate.swift */ = {isa = PBXFileReference; lastKnownFileType = sourcecode.swift; path = AppDelegate.swift; sourceTree = "<group>"; };
		898919B3247CC3D000DABA4D /* SceneDelegate.swift */ = {isa = PBXFileReference; lastKnownFileType = sourcecode.swift; path = SceneDelegate.swift; sourceTree = "<group>"; };
		898919B5247CC3D000DABA4D /* ViewController.swift */ = {isa = PBXFileReference; lastKnownFileType = sourcecode.swift; path = ViewController.swift; sourceTree = "<group>"; };
		898919B8247CC3D000DABA4D /* Base */ = {isa = PBXFileReference; lastKnownFileType = file.storyboard; name = Base; path = Base.lproj/Main.storyboard; sourceTree = "<group>"; };
		898919BB247CC3D000DABA4D /* Dawg_Oasis.xcdatamodel */ = {isa = PBXFileReference; lastKnownFileType = wrapper.xcdatamodel; path = Dawg_Oasis.xcdatamodel; sourceTree = "<group>"; };
		898919BD247CC3D300DABA4D /* Assets.xcassets */ = {isa = PBXFileReference; lastKnownFileType = folder.assetcatalog; path = Assets.xcassets; sourceTree = "<group>"; };
		898919C0247CC3D300DABA4D /* Base */ = {isa = PBXFileReference; lastKnownFileType = file.storyboard; name = Base; path = Base.lproj/LaunchScreen.storyboard; sourceTree = "<group>"; };
		898919C2247CC3D300DABA4D /* Info.plist */ = {isa = PBXFileReference; lastKnownFileType = text.plist.xml; path = Info.plist; sourceTree = "<group>"; };
/* End PBXFileReference section */

/* Begin PBXFrameworksBuildPhase section */
		898919AB247CC3D000DABA4D /* Frameworks */ = {
			isa = PBXFrameworksBuildPhase;
			buildActionMask = 2147483647;
			files = (
			);
			runOnlyForDeploymentPostprocessing = 0;
		};
/* End PBXFrameworksBuildPhase section */

/* Begin PBXGroup section */
		898919A5247CC3D000DABA4D = {
			isa = PBXGroup;
			children = (
				898919B0247CC3D000DABA4D /* Dawg_Oasis */,
				898919AF247CC3D000DABA4D /* Products */,
			);
			sourceTree = "<group>";
		};
		898919AF247CC3D000DABA4D /* Products */ = {
			isa = PBXGroup;
			children = (
				898919AE247CC3D000DABA4D /* Dawg_Oasis.app */,
			);
			name = Products;
			sourceTree = "<group>";
		};
		898919B0247CC3D000DABA4D /* Dawg_Oasis */ = {
			isa = PBXGroup;
			children = (
				898919B1247CC3D000DABA4D /* AppDelegate.swift */,
				898919B3247CC3D000DABA4D /* SceneDelegate.swift */,
				898919B5247CC3D000DABA4D /* ViewController.swift */,
				898919B7247CC3D000DABA4D /* Main.storyboard */,
				898919BD247CC3D300DABA4D /* Assets.xcassets */,
				898919BF247CC3D300DABA4D /* LaunchScreen.storyboard */,
				898919C2247CC3D300DABA4D /* Info.plist */,
				898919BA247CC3D000DABA4D /* Dawg_Oasis.xcdatamodeld */,
			);
			path = Dawg_Oasis;
			sourceTree = "<group>";
		};
/* End PBXGroup section */

/* Begin PBXNativeTarget section */
		898919AD247CC3D000DABA4D /* Dawg_Oasis */ = {
			isa = PBXNativeTarget;
			buildConfigurationList = 898919C5247CC3D300DABA4D /* Build configuration list for PBXNativeTarget "Dawg_Oasis" */;
			buildPhases = (
				898919AA247CC3D000DABA4D /* Sources */,
				898919AB247CC3D000DABA4D /* Frameworks */,
				898919AC247CC3D000DABA4D /* Resources */,
			);
			buildRules = (
			);
			dependencies = (
			);
			name = Dawg_Oasis;
			productName = Dawg_Oasis;
			productReference = 898919AE247CC3D000DABA4D /* Dawg_Oasis.app */;
			productType = "com.apple.product-type.application";
		};
/* End PBXNativeTarget section */

/* Begin PBXProject section */
		898919A6247CC3D000DABA4D /* Project object */ = {
			isa = PBXProject;
			attributes = {
				LastSwiftUpdateCheck = 1130;
				LastUpgradeCheck = 1130;
				ORGANIZATIONNAME = "Rachael Kim";
				TargetAttributes = {
					898919AD247CC3D000DABA4D = {
						CreatedOnToolsVersion = 11.3.1;
					};
				};
			};
			buildConfigurationList = 898919A9247CC3D000DABA4D /* Build configuration list for PBXProject "Dawg_Oasis" */;
			compatibilityVersion = "Xcode 9.3";
			developmentRegion = en;
			hasScannedForEncodings = 0;
			knownRegions = (
				en,
				Base,
			);
			mainGroup = 898919A5247CC3D000DABA4D;
			productRefGroup = 898919AF247CC3D000DABA4D /* Products */;
			projectDirPath = "";
			projectRoot = "";
			targets = (
				898919AD247CC3D000DABA4D /* Dawg_Oasis */,
			);
		};
/* End PBXProject section */

/* Begin PBXResourcesBuildPhase section */
		898919AC247CC3D000DABA4D /* Resources */ = {
			isa = PBXResourcesBuildPhase;
			buildActionMask = 2147483647;
			files = (
				898919C1247CC3D300DABA4D /* LaunchScreen.storyboard in Resources */,
				898919BE247CC3D300DABA4D /* Assets.xcassets in Resources */,
				898919B9247CC3D000DABA4D /* Main.storyboard in Resources */,
			);
			runOnlyForDeploymentPostprocessing = 0;
		};
/* End PBXResourcesBuildPhase section */

/* Begin PBXSourcesBuildPhase section */
		898919AA247CC3D000DABA4D /* Sources */ = {
			isa = PBXSourcesBuildPhase;
			buildActionMask = 2147483647;
			files = (
				898919BC247CC3D000DABA4D /* Dawg_Oasis.xcdatamodeld in Sources */,
				898919B6247CC3D000DABA4D /* ViewController.swift in Sources */,
				898919B2247CC3D000DABA4D /* AppDelegate.swift in Sources */,
				898919B4247CC3D000DABA4D /* SceneDelegate.swift in Sources */,
			);
			runOnlyForDeploymentPostprocessing = 0;
		};
/* End PBXSourcesBuildPhase section */

/* Begin PBXVariantGroup section */
		898919B7247CC3D000DABA4D /* Main.storyboard */ = {
			isa = PBXVariantGroup;
			children = (
				898919B8247CC3D000DABA4D /* Base */,
			);
			name = Main.storyboard;
			sourceTree = "<group>";
		};
		898919BF247CC3D300DABA4D /* LaunchScreen.storyboard */ = {
			isa = PBXVariantGroup;
			children = (
				898919C0247CC3D300DABA4D /* Base */,
			);
			name = LaunchScreen.storyboard;
			sourceTree = "<group>";
		};
/* End PBXVariantGroup section */

/* Begin XCBuildConfiguration section */
		898919C3247CC3D300DABA4D /* Debug */ = {
			isa = XCBuildConfiguration;
			buildSettings = {
				ALWAYS_SEARCH_USER_PATHS = NO;
				CLANG_ANALYZER_NONNULL = YES;
				CLANG_ANALYZER_NUMBER_OBJECT_CONVERSION = YES_AGGRESSIVE;
				CLANG_CXX_LANGUAGE_STANDARD = "gnu++14";
				CLANG_CXX_LIBRARY = "libc++";
				CLANG_ENABLE_MODULES = YES;
				CLANG_ENABLE_OBJC_ARC = YES;
				CLANG_ENABLE_OBJC_WEAK = YES;
				CLANG_WARN_BLOCK_CAPTURE_AUTORELEASING = YES;
				CLANG_WARN_BOOL_CONVERSION = YES;
				CLANG_WARN_COMMA = YES;
				CLANG_WARN_CONSTANT_CONVERSION = YES;
				CLANG_WARN_DEPRECATED_OBJC_IMPLEMENTATIONS = YES;
				CLANG_WARN_DIRECT_OBJC_ISA_USAGE = YES_ERROR;
				CLANG_WARN_DOCUMENTATION_COMMENTS = YES;
				CLANG_WARN_EMPTY_BODY = YES;
				CLANG_WARN_ENUM_CONVERSION = YES;
				CLANG_WARN_INFINITE_RECURSION = YES;
				CLANG_WARN_INT_CONVERSION = YES;
				CLANG_WARN_NON_LITERAL_NULL_CONVERSION = YES;
				CLANG_WARN_OBJC_IMPLICIT_RETAIN_SELF = YES;
				CLANG_WARN_OBJC_LITERAL_CONVERSION = YES;
				CLANG_WARN_OBJC_ROOT_CLASS = YES_ERROR;
				CLANG_WARN_RANGE_LOOP_ANALYSIS = YES;
				CLANG_WARN_STRICT_PROTOTYPES = YES;
				CLANG_WARN_SUSPICIOUS_MOVE = YES;
				CLANG_WARN_UNGUARDED_AVAILABILITY = YES_AGGRESSIVE;
				CLANG_WARN_UNREACHABLE_CODE = YES;
				CLANG_WARN__DUPLICATE_METHOD_MATCH = YES;
				COPY_PHASE_STRIP = NO;
				DEBUG_INFORMATION_FORMAT = dwarf;
				ENABLE_STRICT_OBJC_MSGSEND = YES;
				ENABLE_TESTABILITY = YES;
				GCC_C_LANGUAGE_STANDARD = gnu11;
				GCC_DYNAMIC_NO_PIC = NO;
				GCC_NO_COMMON_BLOCKS = YES;
				GCC_OPTIMIZATION_LEVEL = 0;
				GCC_PREPROCESSOR_DEFINITIONS = (
					"DEBUG=1",
					"$(inherited)",
				);
				GCC_WARN_64_TO_32_BIT_CONVERSION = YES;
				GCC_WARN_ABOUT_RETURN_TYPE = YES_ERROR;
				GCC_WARN_UNDECLARED_SELECTOR = YES;
				GCC_WARN_UNINITIALIZED_AUTOS = YES_AGGRESSIVE;
				GCC_WARN_UNUSED_FUNCTION = YES;
				GCC_WARN_UNUSED_VARIABLE = YES;
				IPHONEOS_DEPLOYMENT_TARGET = 13.2;
				MTL_ENABLE_DEBUG_INFO = INCLUDE_SOURCE;
				MTL_FAST_MATH = YES;
				ONLY_ACTIVE_ARCH = YES;
				SDKROOT = iphoneos;
				SWIFT_ACTIVE_COMPILATION_CONDITIONS = DEBUG;
				SWIFT_OPTIMIZATION_LEVEL = "-Onone";
			};
			name = Debug;
		};
		898919C4247CC3D300DABA4D /* Release */ = {
			isa = XCBuildConfiguration;
			buildSettings = {
				ALWAYS_SEARCH_USER_PATHS = NO;
				CLANG_ANALYZER_NONNULL = YES;
				CLANG_ANALYZER_NUMBER_OBJECT_CONVERSION = YES_AGGRESSIVE;
				CLANG_CXX_LANGUAGE_STANDARD = "gnu++14";
				CLANG_CXX_LIBRARY = "libc++";
				CLANG_ENABLE_MODULES = YES;
				CLANG_ENABLE_OBJC_ARC = YES;
				CLANG_ENABLE_OBJC_WEAK = YES;
				CLANG_WARN_BLOCK_CAPTURE_AUTORELEASING = YES;
				CLANG_WARN_BOOL_CONVERSION = YES;
				CLANG_WARN_COMMA = YES;
				CLANG_WARN_CONSTANT_CONVERSION = YES;
				CLANG_WARN_DEPRECATED_OBJC_IMPLEMENTATIONS = YES;
				CLANG_WARN_DIRECT_OBJC_ISA_USAGE = YES_ERROR;
				CLANG_WARN_DOCUMENTATION_COMMENTS = YES;
				CLANG_WARN_EMPTY_BODY = YES;
				CLANG_WARN_ENUM_CONVERSION = YES;
				CLANG_WARN_INFINITE_RECURSION = YES;
				CLANG_WARN_INT_CONVERSION = YES;
				CLANG_WARN_NON_LITERAL_NULL_CONVERSION = YES;
				CLANG_WARN_OBJC_IMPLICIT_RETAIN_SELF = YES;
				CLANG_WARN_OBJC_LITERAL_CONVERSION = YES;
				CLANG_WARN_OBJC_ROOT_CLASS = YES_ERROR;
				CLANG_WARN_RANGE_LOOP_ANALYSIS = YES;
				CLANG_WARN_STRICT_PROTOTYPES = YES;
				CLANG_WARN_SUSPICIOUS_MOVE = YES;
				CLANG_WARN_UNGUARDED_AVAILABILITY = YES_AGGRESSIVE;
				CLANG_WARN_UNREACHABLE_CODE = YES;
				CLANG_WARN__DUPLICATE_METHOD_MATCH = YES;
				COPY_PHASE_STRIP = NO;
				DEBUG_INFORMATION_FORMAT = "dwarf-with-dsym";
				ENABLE_NS_ASSERTIONS = NO;
				ENABLE_STRICT_OBJC_MSGSEND = YES;
				GCC_C_LANGUAGE_STANDARD = gnu11;
				GCC_NO_COMMON_BLOCKS = YES;
				GCC_WARN_64_TO_32_BIT_CONVERSION = YES;
				GCC_WARN_ABOUT_RETURN_TYPE = YES_ERROR;
				GCC_WARN_UNDECLARED_SELECTOR = YES;
				GCC_WARN_UNINITIALIZED_AUTOS = YES_AGGRESSIVE;
				GCC_WARN_UNUSED_FUNCTION = YES;
				GCC_WARN_UNUSED_VARIABLE = YES;
				IPHONEOS_DEPLOYMENT_TARGET = 13.2;
				MTL_ENABLE_DEBUG_INFO = NO;
				MTL_FAST_MATH = YES;
				SDKROOT = iphoneos;
				SWIFT_COMPILATION_MODE = wholemodule;
				SWIFT_OPTIMIZATION_LEVEL = "-O";
				VALIDATE_PRODUCT = YES;
			};
			name = Release;
		};
		898919C6247CC3D300DABA4D /* Debug */ = {
			isa = XCBuildConfiguration;
			buildSettings = {
				ASSETCATALOG_COMPILER_APPICON_NAME = AppIcon;
				CODE_SIGN_STYLE = Automatic;
				INFOPLIST_FILE = Dawg_Oasis/Info.plist;
				LD_RUNPATH_SEARCH_PATHS = (
					"$(inherited)",
					"@executable_path/Frameworks",
				);
				PRODUCT_BUNDLE_IDENTIFIER = "RDK.Dawg-Oasis";
				PRODUCT_NAME = "$(TARGET_NAME)";
				SWIFT_VERSION = 5.0;
				TARGETED_DEVICE_FAMILY = "1,2";
			};
			name = Debug;
		};
		898919C7247CC3D300DABA4D /* Release */ = {
			isa = XCBuildConfiguration;
			buildSettings = {
				ASSETCATALOG_COMPILER_APPICON_NAME = AppIcon;
				CODE_SIGN_STYLE = Automatic;
				INFOPLIST_FILE = Dawg_Oasis/Info.plist;
				LD_RUNPATH_SEARCH_PATHS = (
					"$(inherited)",
					"@executable_path/Frameworks",
				);
				PRODUCT_BUNDLE_IDENTIFIER = "RDK.Dawg-Oasis";
				PRODUCT_NAME = "$(TARGET_NAME)";
				SWIFT_VERSION = 5.0;
				TARGETED_DEVICE_FAMILY = "1,2";
			};
			name = Release;
		};
/* End XCBuildConfiguration section */

/* Begin XCConfigurationList section */
		898919A9247CC3D000DABA4D /* Build configuration list for PBXProject "Dawg_Oasis" */ = {
			isa = XCConfigurationList;
			buildConfigurations = (
				898919C3247CC3D300DABA4D /* Debug */,
				898919C4247CC3D300DABA4D /* Release */,
			);
			defaultConfigurationIsVisible = 0;
			defaultConfigurationName = Release;
		};
		898919C5247CC3D300DABA4D /* Build configuration list for PBXNativeTarget "Dawg_Oasis" */ = {
			isa = XCConfigurationList;
			buildConfigurations = (
				898919C6247CC3D300DABA4D /* Debug */,
				898919C7247CC3D300DABA4D /* Release */,
			);
			defaultConfigurationIsVisible = 0;
			defaultConfigurationName = Release;
		};
/* End XCConfigurationList section */

/* Begin XCVersionGroup section */
		898919BA247CC3D000DABA4D /* Dawg_Oasis.xcdatamodeld */ = {
			isa = XCVersionGroup;
			children = (
				898919BB247CC3D000DABA4D /* Dawg_Oasis.xcdatamodel */,
			);
			currentVersion = 898919BB247CC3D000DABA4D /* Dawg_Oasis.xcdatamodel */;
			path = Dawg_Oasis.xcdatamodeld;
			sourceTree = "<group>";
			versionGroupType = wrapper.xcdatamodel;
		};
/* End XCVersionGroup section */
	};
	rootObject = 898919A6247CC3D000DABA4D /* Project object */;
}
